
Microsoft Visual Studio Solution File, Format Version 12.00
# Visual Studio Version 17
VisualStudioVersion = 17.7.34202.233
MinimumVisualStudioVersion = 10.0.40219.1
Project("{9A19103F-16F7-4668-BE54-9A1E7A4F7556}") = "PortAbuse2", "PortAbuse2\PortAbuse2.csproj", "{D9FFFE0E-7667-4229-B8FA-4DC72F81346D}"
EndProject
Project("{FAE04EC0-301F-11D3-BF4B-00C04F79EFBC}") = "PortAbuse2.Core", "PortAbuse2.Core\PortAbuse2.Core.csproj", "{6AADCAD8-1D3E-41EF-934E-AEC5DA231057}"
EndProject
Project("{FAE04EC0-301F-11D3-BF4B-00C04F79EFBC}") = "GlobalHook", "GlobalHook\GlobalHook\GlobalHook.csproj", "{B4230040-275D-45D5-9811-0C1841FA6033}"
EndProject
Project("{FAE04EC0-301F-11D3-BF4B-00C04F79EFBC}") = "PortAbuse2.Tests", "PortAbuse2.Tests\PortAbuse2.Tests.csproj", "{8193C072-A62E-458A-BA8C-4D6DBD7DD87D}"
EndProject
Project("{9A19103F-16F7-4668-BE54-9A1E7A4F7556}") = "TiqUtils", "TiqUtils\TiqUtils\TiqUtils.csproj", "{ADD36AFD-5E81-40E7-93F8-381CF03C5FD2}"
EndProject
Project("{9A19103F-16F7-4668-BE54-9A1E7A4F7556}") = "TiqUtils.Wpf", "TiQWpfUtils\TiqUtils.Wpf\TiqUtils.Wpf.csproj", "{B03903AE-CB73-4DAB-91D8-439F4AAD4806}"
EndProject
Global
	GlobalSection(SolutionConfigurationPlatforms) = preSolution
		Debug|Any CPU = Debug|Any CPU
		Release|Any CPU = Release|Any CPU
	EndGlobalSection
	GlobalSection(ProjectConfigurationPlatforms) = postSolution
		{D9FFFE0E-7667-4229-B8FA-4DC72F81346D}.Debug|Any CPU.ActiveCfg = Debug|Any CPU
		{D9FFFE0E-7667-4229-B8FA-4DC72F81346D}.Debug|Any CPU.Build.0 = Debug|Any CPU
		{D9FFFE0E-7667-4229-B8FA-4DC72F81346D}.Release|Any CPU.ActiveCfg = Release|Any CPU
		{D9FFFE0E-7667-4229-B8FA-4DC72F81346D}.Release|Any CPU.Build.0 = Release|Any CPU
		{6AADCAD8-1D3E-41EF-934E-AEC5DA231057}.Debug|Any CPU.ActiveCfg = Debug|Any CPU
		{6AADCAD8-1D3E-41EF-934E-AEC5DA231057}.Debug|Any CPU.Build.0 = Debug|Any CPU
		{6AADCAD8-1D3E-41EF-934E-AEC5DA231057}.Release|Any CPU.ActiveCfg = Release|Any CPU
		{6AADCAD8-1D3E-41EF-934E-AEC5DA231057}.Release|Any CPU.Build.0 = Release|Any CPU
		{B4230040-275D-45D5-9811-0C1841FA6033}.Debug|Any CPU.ActiveCfg = Debug|Any CPU
		{B4230040-275D-45D5-9811-0C1841FA6033}.Debug|Any CPU.Build.0 = Debug|Any CPU
		{B4230040-275D-45D5-9811-0C1841FA6033}.Release|Any CPU.ActiveCfg = Release|Any CPU
		{B4230040-275D-45D5-9811-0C1841FA6033}.Release|Any CPU.Build.0 = Release|Any CPU
		{8193C072-A62E-458A-BA8C-4D6DBD7DD87D}.Debug|Any CPU.ActiveCfg = Debug|Any CPU
		{8193C072-A62E-458A-BA8C-4D6DBD7DD87D}.Debug|Any CPU.Build.0 = Debug|Any CPU
		{8193C072-A62E-458A-BA8C-4D6DBD7DD87D}.Release|Any CPU.ActiveCfg = Release|Any CPU
		{8193C072-A62E-458A-BA8C-4D6DBD7DD87D}.Release|Any CPU.Build.0 = Release|Any CPU
		{ADD36AFD-5E81-40E7-93F8-381CF03C5FD2}.Debug|Any CPU.ActiveCfg = Debug|Any CPU
		{ADD36AFD-5E81-40E7-93F8-381CF03C5FD2}.Debug|Any CPU.Build.0 = Debug|Any CPU
		{ADD36AFD-5E81-40E7-93F8-381CF03C5FD2}.Release|Any CPU.ActiveCfg = Release|Any CPU
		{ADD36AFD-5E81-40E7-93F8-381CF03C5FD2}.Release|Any CPU.Build.0 = Release|Any CPU
		{B03903AE-CB73-4DAB-91D8-439F4AAD4806}.Debug|Any CPU.ActiveCfg = Debug|Any CPU
		{B03903AE-CB73-4DAB-91D8-439F4AAD4806}.Debug|Any CPU.Build.0 = Debug|Any CPU
		{B03903AE-CB73-4DAB-91D8-439F4AAD4806}.Release|Any CPU.ActiveCfg = Release|Any CPU
		{B03903AE-CB73-4DAB-91D8-439F4AAD4806}.Release|Any CPU.Build.0 = Release|Any CPU
	EndGlobalSection
	GlobalSection(SolutionProperties) = preSolution
		HideSolutionNode = FALSE
	EndGlobalSection
	GlobalSection(ExtensibilityGlobals) = postSolution
		SolutionGuid = {8960167E-9B9A-49D8-9A96-267AF946A236}
	EndGlobalSection
EndGlobal
