
Microsoft Visual Studio Solution File, Format Version 12.00
# Visual Studio 14
VisualStudioVersion = 14.0.25420.1
MinimumVisualStudioVersion = 10.0.40219.1
Project("{FAE04EC0-301F-11D3-BF4B-00C04F79EFBC}") = "PortAbuse2", "PortAbuse2\PortAbuse2.csproj", "{D9FFFE0E-7667-4229-B8FA-4DC72F81346D}"
EndProject
Project("{FAE04EC0-301F-11D3-BF4B-00C04F79EFBC}") = "PortAbuse2.Core", "PortAbuse2.Core\PortAbuse2.Core.csproj", "{6AADCAD8-1D3E-41EF-934E-AEC5DA231057}"
EndProject
Project("{FAE04EC0-301F-11D3-BF4B-00C04F79EFBC}") = "GlobalHook", "..\GlobalHook\GlobalHook.csproj", "{B4230040-275D-45D5-9811-0C1841FA6033}"
EndProject
Global
	GlobalSection(SolutionConfigurationPlatforms) = preSolution
		Debug|Any CPU = Debug|Any CPU
		Release|Any CPU = Release|Any CPU
	EndGlobalSection
	GlobalSection(ProjectConfigurationPlatforms) = postSolution
		{D9FFFE0E-7667-4229-B8FA-4DC72F81346D}.Debug|Any CPU.ActiveCfg = Debug|Any CPU
		{D9FFFE0E-7667-4229-B8FA-4DC72F81346D}.Debug|Any CPU.Build.0 = Debug|Any CPU
		{D9FFFE0E-7667-4229-B8FA-4DC72F81346D}.Release|Any CPU.ActiveCfg = Release|Any CPU
		{D9FFFE0E-7667-4229-B8FA-4DC72F81346D}.Release|Any CPU.Build.0 = Release|Any CPU
		{6AADCAD8-1D3E-41EF-934E-AEC5DA231057}.Debug|Any CPU.ActiveCfg = Debug|Any CPU
		{6AADCAD8-1D3E-41EF-934E-AEC5DA231057}.Debug|Any CPU.Build.0 = Debug|Any CPU
		{6AADCAD8-1D3E-41EF-934E-AEC5DA231057}.Release|Any CPU.ActiveCfg = Release|Any CPU
		{6AADCAD8-1D3E-41EF-934E-AEC5DA231057}.Release|Any CPU.Build.0 = Release|Any CPU
		{B4230040-275D-45D5-9811-0C1841FA6033}.Debug|Any CPU.ActiveCfg = Debug|Any CPU
		{B4230040-275D-45D5-9811-0C1841FA6033}.Debug|Any CPU.Build.0 = Debug|Any CPU
		{B4230040-275D-45D5-9811-0C1841FA6033}.Release|Any CPU.ActiveCfg = Release|Any CPU
		{B4230040-275D-45D5-9811-0C1841FA6033}.Release|Any CPU.Build.0 = Release|Any CPU
	EndGlobalSection
	GlobalSection(SolutionProperties) = preSolution
		HideSolutionNode = FALSE
	EndGlobalSection
EndGlobal
